
Microsoft Visual Studio Solution File, Format Version 12.00
# Visual Studio 14
VisualStudioVersion = 14.0.23107.0
MinimumVisualStudioVersion = 10.0.40219.1
Project("{FAE04EC0-301F-11D3-BF4B-00C04F79EFBC}") = "DungeonApplication", "DungeonApplication\DungeonApplication.csproj", "{686228C0-740A-431B-9D4B-43808D7F35F5}"
EndProject
Project("{FAE04EC0-301F-11D3-BF4B-00C04F79EFBC}") = "DungeonLibrary", "DungeonLibrary\DungeonLibrary.csproj", "{EDF82011-D09F-45E9-87E3-2EB1DD2B4274}"
EndProject
Project("{FAE04EC0-301F-11D3-BF4B-00C04F79EFBC}") = "MonsterLibrary", "MonsterLibrary\MonsterLibrary.csproj", "{1937D882-00D8-41F7-8BB9-0214C6576913}"
EndProject
Global
	GlobalSection(SolutionConfigurationPlatforms) = preSolution
		Debug|Any CPU = Debug|Any CPU
		Release|Any CPU = Release|Any CPU
	EndGlobalSection
	GlobalSection(ProjectConfigurationPlatforms) = postSolution
		{686228C0-740A-431B-9D4B-43808D7F35F5}.Debug|Any CPU.ActiveCfg = Debug|Any CPU
		{686228C0-740A-431B-9D4B-43808D7F35F5}.Debug|Any CPU.Build.0 = Debug|Any CPU
		{686228C0-740A-431B-9D4B-43808D7F35F5}.Release|Any CPU.ActiveCfg = Release|Any CPU
		{686228C0-740A-431B-9D4B-43808D7F35F5}.Release|Any CPU.Build.0 = Release|Any CPU
		{EDF82011-D09F-45E9-87E3-2EB1DD2B4274}.Debug|Any CPU.ActiveCfg = Debug|Any CPU
		{EDF82011-D09F-45E9-87E3-2EB1DD2B4274}.Debug|Any CPU.Build.0 = Debug|Any CPU
		{EDF82011-D09F-45E9-87E3-2EB1DD2B4274}.Release|Any CPU.ActiveCfg = Release|Any CPU
		{EDF82011-D09F-45E9-87E3-2EB1DD2B4274}.Release|Any CPU.Build.0 = Release|Any CPU
		{1937D882-00D8-41F7-8BB9-0214C6576913}.Debug|Any CPU.ActiveCfg = Debug|Any CPU
		{1937D882-00D8-41F7-8BB9-0214C6576913}.Debug|Any CPU.Build.0 = Debug|Any CPU
		{1937D882-00D8-41F7-8BB9-0214C6576913}.Release|Any CPU.ActiveCfg = Release|Any CPU
		{1937D882-00D8-41F7-8BB9-0214C6576913}.Release|Any CPU.Build.0 = Release|Any CPU
	EndGlobalSection
	GlobalSection(SolutionProperties) = preSolution
		HideSolutionNode = FALSE
	EndGlobalSection
EndGlobal
